
Microsoft Visual Studio Solution File, Format Version 12.00
# Visual Studio Version 17
VisualStudioVersion = 17.13.35806.99 d17.13
MinimumVisualStudioVersion = 10.0.40219.1
Project("{FAE04EC0-301F-11D3-BF4B-00C04F79EFBC}") = "Wypoyczalnia2", "Wypoyczalnia2\Wypoyczalnia2.csproj", "{E4B77AE6-AD8A-45D9-B32A-6B5AF91A9B37}"
EndProject
Global
	GlobalSection(SolutionConfigurationPlatforms) = preSolution
		Debug|Any CPU = Debug|Any CPU
		Release|Any CPU = Release|Any CPU
	EndGlobalSection
	GlobalSection(ProjectConfigurationPlatforms) = postSolution
		{E4B77AE6-AD8A-45D9-B32A-6B5AF91A9B37}.Debug|Any CPU.ActiveCfg = Debug|Any CPU
		{E4B77AE6-AD8A-45D9-B32A-6B5AF91A9B37}.Debug|Any CPU.Build.0 = Debug|Any CPU
		{E4B77AE6-AD8A-45D9-B32A-6B5AF91A9B37}.Release|Any CPU.ActiveCfg = Release|Any CPU
		{E4B77AE6-AD8A-45D9-B32A-6B5AF91A9B37}.Release|Any CPU.Build.0 = Release|Any CPU
	EndGlobalSection
	GlobalSection(SolutionProperties) = preSolution
		HideSolutionNode = FALSE
	EndGlobalSection
	GlobalSection(ExtensibilityGlobals) = postSolution
		SolutionGuid = {9E6F40DF-7DC7-4736-9D39-5D893157ECF9}
	EndGlobalSection
EndGlobal
